// !$*UTF8*$!
{
	archiveVersion = 1;
	classes = {
	};
	objectVersion = 56;
	objects = {

/* Begin PBXBuildFile section */
		4987B16E28EEB2AD00A67ABC /* AppDelegate.swift in Sources */ = {isa = PBXBuildFile; fileRef = 4987B16D28EEB2AD00A67ABC /* AppDelegate.swift */; };
		4987B17028EEB2AD00A67ABC /* art.scnassets in Resources */ = {isa = PBXBuildFile; fileRef = 4987B16F28EEB2AD00A67ABC /* art.scnassets */; };
		4987B17228EEB2AD00A67ABC /* ViewController.swift in Sources */ = {isa = PBXBuildFile; fileRef = 4987B17128EEB2AD00A67ABC /* ViewController.swift */; };
		4987B17528EEB2AD00A67ABC /* Main.storyboard in Resources */ = {isa = PBXBuildFile; fileRef = 4987B17328EEB2AD00A67ABC /* Main.storyboard */; };
		4987B17728EEB2AD00A67ABC /* Assets.xcassets in Resources */ = {isa = PBXBuildFile; fileRef = 4987B17628EEB2AD00A67ABC /* Assets.xcassets */; };
		4987B17A28EEB2AD00A67ABC /* LaunchScreen.storyboard in Resources */ = {isa = PBXBuildFile; fileRef = 4987B17828EEB2AD00A67ABC /* LaunchScreen.storyboard */; };
		498AD49628F6D8CD001796D2 /* PopUp.swift in Sources */ = {isa = PBXBuildFile; fileRef = 498AD49528F6D8CD001796D2 /* PopUp.swift */; };
		498AD49828F6D8F7001796D2 /* PopUp.xib in Resources */ = {isa = PBXBuildFile; fileRef = 498AD49728F6D8F7001796D2 /* PopUp.xib */; };
		498F3FF42914FEEB002C4C2B /* img.jpg in Resources */ = {isa = PBXBuildFile; fileRef = 498F3FF32914FEEB002C4C2B /* img.jpg */; };
		4992142D290FD70300E525C2 /* SCNVector3+MathUtils.swift in Sources */ = {isa = PBXBuildFile; fileRef = 4992142C290FD70300E525C2 /* SCNVector3+MathUtils.swift */; };
		49987B9928F7E34100EC5C3C /* Style.swift in Sources */ = {isa = PBXBuildFile; fileRef = 49987B9828F7E34100EC5C3C /* Style.swift */; };
		F5D7B93428F54A2C00A151B8 /* DataViewController.swift in Sources */ = {isa = PBXBuildFile; fileRef = F5D7B93328F54A2C00A151B8 /* DataViewController.swift */; };
/* End PBXBuildFile section */

/* Begin PBXFileReference section */
		4987B16A28EEB2AD00A67ABC /* AR Student ID.app */ = {isa = PBXFileReference; explicitFileType = wrapper.application; includeInIndex = 0; path = "AR Student ID.app"; sourceTree = BUILT_PRODUCTS_DIR; };
		4987B16D28EEB2AD00A67ABC /* AppDelegate.swift */ = {isa = PBXFileReference; lastKnownFileType = sourcecode.swift; path = AppDelegate.swift; sourceTree = "<group>"; };
		4987B16F28EEB2AD00A67ABC /* art.scnassets */ = {isa = PBXFileReference; lastKnownFileType = wrapper.scnassets; path = art.scnassets; sourceTree = "<group>"; };
		4987B17128EEB2AD00A67ABC /* ViewController.swift */ = {isa = PBXFileReference; lastKnownFileType = sourcecode.swift; path = ViewController.swift; sourceTree = "<group>"; };
		4987B17428EEB2AD00A67ABC /* Base */ = {isa = PBXFileReference; lastKnownFileType = file.storyboard; name = Base; path = Base.lproj/Main.storyboard; sourceTree = "<group>"; };
		4987B17628EEB2AD00A67ABC /* Assets.xcassets */ = {isa = PBXFileReference; lastKnownFileType = folder.assetcatalog; path = Assets.xcassets; sourceTree = "<group>"; };
		4987B17928EEB2AD00A67ABC /* Base */ = {isa = PBXFileReference; lastKnownFileType = file.storyboard; name = Base; path = Base.lproj/LaunchScreen.storyboard; sourceTree = "<group>"; };
		498AD49528F6D8CD001796D2 /* PopUp.swift */ = {isa = PBXFileReference; lastKnownFileType = sourcecode.swift; path = PopUp.swift; sourceTree = "<group>"; };
		498AD49728F6D8F7001796D2 /* PopUp.xib */ = {isa = PBXFileReference; lastKnownFileType = file.xib; path = PopUp.xib; sourceTree = "<group>"; };
		498F3FF32914FEEB002C4C2B /* img.jpg */ = {isa = PBXFileReference; lastKnownFileType = image.jpeg; path = img.jpg; sourceTree = "<group>"; };
		4992142C290FD70300E525C2 /* SCNVector3+MathUtils.swift */ = {isa = PBXFileReference; lastKnownFileType = sourcecode.swift; path = "SCNVector3+MathUtils.swift"; sourceTree = "<group>"; };
		49987B9828F7E34100EC5C3C /* Style.swift */ = {isa = PBXFileReference; lastKnownFileType = sourcecode.swift; path = Style.swift; sourceTree = "<group>"; };
		F5D7B93328F54A2C00A151B8 /* DataViewController.swift */ = {isa = PBXFileReference; lastKnownFileType = sourcecode.swift; path = DataViewController.swift; sourceTree = "<group>"; };
/* End PBXFileReference section */

/* Begin PBXFrameworksBuildPhase section */
		4987B16728EEB2AD00A67ABC /* Frameworks */ = {
			isa = PBXFrameworksBuildPhase;
			buildActionMask = 2147483647;
			files = (
			);
			runOnlyForDeploymentPostprocessing = 0;
		};
/* End PBXFrameworksBuildPhase section */

/* Begin PBXGroup section */
		4987B16128EEB2AC00A67ABC = {
			isa = PBXGroup;
			children = (
				4987B16C28EEB2AD00A67ABC /* AR Student ID */,
				4987B16B28EEB2AD00A67ABC /* Products */,
			);
			sourceTree = "<group>";
		};
		4987B16B28EEB2AD00A67ABC /* Products */ = {
			isa = PBXGroup;
			children = (
				4987B16A28EEB2AD00A67ABC /* AR Student ID.app */,
			);
			name = Products;
			sourceTree = "<group>";
		};
		4987B16C28EEB2AD00A67ABC /* AR Student ID */ = {
			isa = PBXGroup;
			children = (
				498F3FF32914FEEB002C4C2B /* img.jpg */,
				4987B16D28EEB2AD00A67ABC /* AppDelegate.swift */,
				49987B9828F7E34100EC5C3C /* Style.swift */,
				498AD49728F6D8F7001796D2 /* PopUp.xib */,
				498AD49528F6D8CD001796D2 /* PopUp.swift */,
				4987B16F28EEB2AD00A67ABC /* art.scnassets */,
				4987B17128EEB2AD00A67ABC /* ViewController.swift */,
				F5D7B93328F54A2C00A151B8 /* DataViewController.swift */,
				4992142C290FD70300E525C2 /* SCNVector3+MathUtils.swift */,
				4987B17328EEB2AD00A67ABC /* Main.storyboard */,
				4987B17628EEB2AD00A67ABC /* Assets.xcassets */,
				4987B17828EEB2AD00A67ABC /* LaunchScreen.storyboard */,
			);
			path = "AR Student ID";
			sourceTree = "<group>";
		};
/* End PBXGroup section */

/* Begin PBXNativeTarget section */
		4987B16928EEB2AD00A67ABC /* AR Student ID */ = {
			isa = PBXNativeTarget;
			buildConfigurationList = 4987B17D28EEB2AD00A67ABC /* Build configuration list for PBXNativeTarget "AR Student ID" */;
			buildPhases = (
				4987B16628EEB2AD00A67ABC /* Sources */,
				4987B16728EEB2AD00A67ABC /* Frameworks */,
				4987B16828EEB2AD00A67ABC /* Resources */,
			);
			buildRules = (
			);
			dependencies = (
			);
			name = "AR Student ID";
			productName = "AR Student ID";
			productReference = 4987B16A28EEB2AD00A67ABC /* AR Student ID.app */;
			productType = "com.apple.product-type.application";
		};
/* End PBXNativeTarget section */

/* Begin PBXProject section */
		4987B16228EEB2AC00A67ABC /* Project object */ = {
			isa = PBXProject;
			attributes = {
				BuildIndependentTargetsInParallel = 1;
				LastSwiftUpdateCheck = 1400;
				LastUpgradeCheck = 1400;
				TargetAttributes = {
					4987B16928EEB2AD00A67ABC = {
						CreatedOnToolsVersion = 14.0;
					};
				};
			};
			buildConfigurationList = 4987B16528EEB2AC00A67ABC /* Build configuration list for PBXProject "AR Student ID" */;
			compatibilityVersion = "Xcode 14.0";
			developmentRegion = en;
			hasScannedForEncodings = 0;
			knownRegions = (
				en,
				Base,
			);
			mainGroup = 4987B16128EEB2AC00A67ABC;
			productRefGroup = 4987B16B28EEB2AD00A67ABC /* Products */;
			projectDirPath = "";
			projectRoot = "";
			targets = (
				4987B16928EEB2AD00A67ABC /* AR Student ID */,
			);
		};
/* End PBXProject section */

/* Begin PBXResourcesBuildPhase section */
		4987B16828EEB2AD00A67ABC /* Resources */ = {
			isa = PBXResourcesBuildPhase;
			buildActionMask = 2147483647;
			files = (
				4987B17028EEB2AD00A67ABC /* art.scnassets in Resources */,
				4987B17A28EEB2AD00A67ABC /* LaunchScreen.storyboard in Resources */,
				4987B17728EEB2AD00A67ABC /* Assets.xcassets in Resources */,
				498F3FF42914FEEB002C4C2B /* img.jpg in Resources */,
				498AD49828F6D8F7001796D2 /* PopUp.xib in Resources */,
				4987B17528EEB2AD00A67ABC /* Main.storyboard in Resources */,
			);
			runOnlyForDeploymentPostprocessing = 0;
		};
/* End PBXResourcesBuildPhase section */

/* Begin PBXSourcesBuildPhase section */
		4987B16628EEB2AD00A67ABC /* Sources */ = {
			isa = PBXSourcesBuildPhase;
			buildActionMask = 2147483647;
			files = (
				4987B17228EEB2AD00A67ABC /* ViewController.swift in Sources */,
				4992142D290FD70300E525C2 /* SCNVector3+MathUtils.swift in Sources */,
				F5D7B93428F54A2C00A151B8 /* DataViewController.swift in Sources */,
				498AD49628F6D8CD001796D2 /* PopUp.swift in Sources */,
				4987B16E28EEB2AD00A67ABC /* AppDelegate.swift in Sources */,
				49987B9928F7E34100EC5C3C /* Style.swift in Sources */,
			);
			runOnlyForDeploymentPostprocessing = 0;
		};
/* End PBXSourcesBuildPhase section */

/* Begin PBXVariantGroup section */
		4987B17328EEB2AD00A67ABC /* Main.storyboard */ = {
			isa = PBXVariantGroup;
			children = (
				4987B17428EEB2AD00A67ABC /* Base */,
			);
			name = Main.storyboard;
			sourceTree = "<group>";
		};
		4987B17828EEB2AD00A67ABC /* LaunchScreen.storyboard */ = {
			isa = PBXVariantGroup;
			children = (
				4987B17928EEB2AD00A67ABC /* Base */,
			);
			name = LaunchScreen.storyboard;
			sourceTree = "<group>";
		};
/* End PBXVariantGroup section */

/* Begin XCBuildConfiguration section */
		4987B17B28EEB2AD00A67ABC /* Debug */ = {
			isa = XCBuildConfiguration;
			buildSettings = {
				ALWAYS_SEARCH_USER_PATHS = NO;
				CLANG_ANALYZER_NONNULL = YES;
				CLANG_ANALYZER_NUMBER_OBJECT_CONVERSION = YES_AGGRESSIVE;
				CLANG_CXX_LANGUAGE_STANDARD = "gnu++20";
				CLANG_ENABLE_MODULES = YES;
				CLANG_ENABLE_OBJC_ARC = YES;
				CLANG_ENABLE_OBJC_WEAK = YES;
				CLANG_WARN_BLOCK_CAPTURE_AUTORELEASING = YES;
				CLANG_WARN_BOOL_CONVERSION = YES;
				CLANG_WARN_COMMA = YES;
				CLANG_WARN_CONSTANT_CONVERSION = YES;
				CLANG_WARN_DEPRECATED_OBJC_IMPLEMENTATIONS = YES;
				CLANG_WARN_DIRECT_OBJC_ISA_USAGE = YES_ERROR;
				CLANG_WARN_DOCUMENTATION_COMMENTS = YES;
				CLANG_WARN_EMPTY_BODY = YES;
				CLANG_WARN_ENUM_CONVERSION = YES;
				CLANG_WARN_INFINITE_RECURSION = YES;
				CLANG_WARN_INT_CONVERSION = YES;
				CLANG_WARN_NON_LITERAL_NULL_CONVERSION = YES;
				CLANG_WARN_OBJC_IMPLICIT_RETAIN_SELF = YES;
				CLANG_WARN_OBJC_LITERAL_CONVERSION = YES;
				CLANG_WARN_OBJC_ROOT_CLASS = YES_ERROR;
				CLANG_WARN_QUOTED_INCLUDE_IN_FRAMEWORK_HEADER = YES;
				CLANG_WARN_RANGE_LOOP_ANALYSIS = YES;
				CLANG_WARN_STRICT_PROTOTYPES = YES;
				CLANG_WARN_SUSPICIOUS_MOVE = YES;
				CLANG_WARN_UNGUARDED_AVAILABILITY = YES_AGGRESSIVE;
				CLANG_WARN_UNREACHABLE_CODE = YES;
				CLANG_WARN__DUPLICATE_METHOD_MATCH = YES;
				COPY_PHASE_STRIP = NO;
				DEBUG_INFORMATION_FORMAT = dwarf;
				ENABLE_STRICT_OBJC_MSGSEND = YES;
				ENABLE_TESTABILITY = YES;
				GCC_C_LANGUAGE_STANDARD = gnu11;
				GCC_DYNAMIC_NO_PIC = NO;
				GCC_NO_COMMON_BLOCKS = YES;
				GCC_OPTIMIZATION_LEVEL = 0;
				GCC_PREPROCESSOR_DEFINITIONS = (
					"DEBUG=1",
					"$(inherited)",
				);
				GCC_WARN_64_TO_32_BIT_CONVERSION = YES;
				GCC_WARN_ABOUT_RETURN_TYPE = YES_ERROR;
				GCC_WARN_UNDECLARED_SELECTOR = YES;
				GCC_WARN_UNINITIALIZED_AUTOS = YES_AGGRESSIVE;
				GCC_WARN_UNUSED_FUNCTION = YES;
				GCC_WARN_UNUSED_VARIABLE = YES;
				IPHONEOS_DEPLOYMENT_TARGET = 16.0;
				MTL_ENABLE_DEBUG_INFO = INCLUDE_SOURCE;
				MTL_FAST_MATH = YES;
				ONLY_ACTIVE_ARCH = YES;
				SDKROOT = iphoneos;
				SWIFT_ACTIVE_COMPILATION_CONDITIONS = DEBUG;
				SWIFT_OPTIMIZATION_LEVEL = "-Onone";
			};
			name = Debug;
		};
		4987B17C28EEB2AD00A67ABC /* Release */ = {
			isa = XCBuildConfiguration;
			buildSettings = {
				ALWAYS_SEARCH_USER_PATHS = NO;
				CLANG_ANALYZER_NONNULL = YES;
				CLANG_ANALYZER_NUMBER_OBJECT_CONVERSION = YES_AGGRESSIVE;
				CLANG_CXX_LANGUAGE_STANDARD = "gnu++20";
				CLANG_ENABLE_MODULES = YES;
				CLANG_ENABLE_OBJC_ARC = YES;
				CLANG_ENABLE_OBJC_WEAK = YES;
				CLANG_WARN_BLOCK_CAPTURE_AUTORELEASING = YES;
				CLANG_WARN_BOOL_CONVERSION = YES;
				CLANG_WARN_COMMA = YES;
				CLANG_WARN_CONSTANT_CONVERSION = YES;
				CLANG_WARN_DEPRECATED_OBJC_IMPLEMENTATIONS = YES;
				CLANG_WARN_DIRECT_OBJC_ISA_USAGE = YES_ERROR;
				CLANG_WARN_DOCUMENTATION_COMMENTS = YES;
				CLANG_WARN_EMPTY_BODY = YES;
				CLANG_WARN_ENUM_CONVERSION = YES;
				CLANG_WARN_INFINITE_RECURSION = YES;
				CLANG_WARN_INT_CONVERSION = YES;
				CLANG_WARN_NON_LITERAL_NULL_CONVERSION = YES;
				CLANG_WARN_OBJC_IMPLICIT_RETAIN_SELF = YES;
				CLANG_WARN_OBJC_LITERAL_CONVERSION = YES;
				CLANG_WARN_OBJC_ROOT_CLASS = YES_ERROR;
				CLANG_WARN_QUOTED_INCLUDE_IN_FRAMEWORK_HEADER = YES;
				CLANG_WARN_RANGE_LOOP_ANALYSIS = YES;
				CLANG_WARN_STRICT_PROTOTYPES = YES;
				CLANG_WARN_SUSPICIOUS_MOVE = YES;
				CLANG_WARN_UNGUARDED_AVAILABILITY = YES_AGGRESSIVE;
				CLANG_WARN_UNREACHABLE_CODE = YES;
				CLANG_WARN__DUPLICATE_METHOD_MATCH = YES;
				COPY_PHASE_STRIP = NO;
				DEBUG_INFORMATION_FORMAT = "dwarf-with-dsym";
				ENABLE_NS_ASSERTIONS = NO;
				ENABLE_STRICT_OBJC_MSGSEND = YES;
				GCC_C_LANGUAGE_STANDARD = gnu11;
				GCC_NO_COMMON_BLOCKS = YES;
				GCC_WARN_64_TO_32_BIT_CONVERSION = YES;
				GCC_WARN_ABOUT_RETURN_TYPE = YES_ERROR;
				GCC_WARN_UNDECLARED_SELECTOR = YES;
				GCC_WARN_UNINITIALIZED_AUTOS = YES_AGGRESSIVE;
				GCC_WARN_UNUSED_FUNCTION = YES;
				GCC_WARN_UNUSED_VARIABLE = YES;
				IPHONEOS_DEPLOYMENT_TARGET = 16.0;
				MTL_ENABLE_DEBUG_INFO = NO;
				MTL_FAST_MATH = YES;
				SDKROOT = iphoneos;
				SWIFT_COMPILATION_MODE = wholemodule;
				SWIFT_OPTIMIZATION_LEVEL = "-O";
				VALIDATE_PRODUCT = YES;
			};
			name = Release;
		};
		4987B17E28EEB2AD00A67ABC /* Debug */ = {
			isa = XCBuildConfiguration;
			buildSettings = {
				ASSETCATALOG_COMPILER_APPICON_NAME = AppIcon;
				ASSETCATALOG_COMPILER_GLOBAL_ACCENT_COLOR_NAME = AccentColor;
				CODE_SIGN_STYLE = Automatic;
				CURRENT_PROJECT_VERSION = 1;
				DEVELOPMENT_TEAM = UVA25R54FS;
				GENERATE_INFOPLIST_FILE = YES;
				INFOPLIST_KEY_NSCameraUsageDescription = "";
				INFOPLIST_KEY_UIApplicationSupportsIndirectInputEvents = YES;
				INFOPLIST_KEY_UILaunchStoryboardName = LaunchScreen;
				INFOPLIST_KEY_UIMainStoryboardFile = Main;
				INFOPLIST_KEY_UIRequiredDeviceCapabilities = arkit;
				INFOPLIST_KEY_UIStatusBarHidden = YES;
				INFOPLIST_KEY_UISupportedInterfaceOrientations_iPad = "UIInterfaceOrientationPortrait UIInterfaceOrientationPortraitUpsideDown UIInterfaceOrientationLandscapeLeft UIInterfaceOrientationLandscapeRight";
				INFOPLIST_KEY_UISupportedInterfaceOrientations_iPhone = "UIInterfaceOrientationPortrait UIInterfaceOrientationLandscapeLeft UIInterfaceOrientationLandscapeRight";
				LD_RUNPATH_SEARCH_PATHS = (
					"$(inherited)",
					"@executable_path/Frameworks",
				);
				MARKETING_VERSION = 1.0;
				PRODUCT_BUNDLE_IDENTIFIER = "com.MRI.AR-Student-ID";
				PRODUCT_NAME = "$(TARGET_NAME)";
				SWIFT_EMIT_LOC_STRINGS = YES;
				SWIFT_VERSION = 5.0;
				TARGETED_DEVICE_FAMILY = "1,2";
			};
			name = Debug;
		};
		4987B17F28EEB2AD00A67ABC /* Release */ = {
			isa = XCBuildConfiguration;
			buildSettings = {
				ASSETCATALOG_COMPILER_APPICON_NAME = AppIcon;
				ASSETCATALOG_COMPILER_GLOBAL_ACCENT_COLOR_NAME = AccentColor;
				CODE_SIGN_STYLE = Automatic;
				CURRENT_PROJECT_VERSION = 1;
				DEVELOPMENT_TEAM = UVA25R54FS;
				GENERATE_INFOPLIST_FILE = YES;
				INFOPLIST_KEY_NSCameraUsageDescription = "";
				INFOPLIST_KEY_UIApplicationSupportsIndirectInputEvents = YES;
				INFOPLIST_KEY_UILaunchStoryboardName = LaunchScreen;
				INFOPLIST_KEY_UIMainStoryboardFile = Main;
				INFOPLIST_KEY_UIRequiredDeviceCapabilities = arkit;
				INFOPLIST_KEY_UIStatusBarHidden = YES;
				INFOPLIST_KEY_UISupportedInterfaceOrientations_iPad = "UIInterfaceOrientationPortrait UIInterfaceOrientationPortraitUpsideDown UIInterfaceOrientationLandscapeLeft UIInterfaceOrientationLandscapeRight";
				INFOPLIST_KEY_UISupportedInterfaceOrientations_iPhone = "UIInterfaceOrientationPortrait UIInterfaceOrientationLandscapeLeft UIInterfaceOrientationLandscapeRight";
				LD_RUNPATH_SEARCH_PATHS = (
					"$(inherited)",
					"@executable_path/Frameworks",
				);
				MARKETING_VERSION = 1.0;
				PRODUCT_BUNDLE_IDENTIFIER = "com.MRI.AR-Student-ID";
				PRODUCT_NAME = "$(TARGET_NAME)";
				SWIFT_EMIT_LOC_STRINGS = YES;
				SWIFT_VERSION = 5.0;
				TARGETED_DEVICE_FAMILY = "1,2";
			};
			name = Release;
		};
/* End XCBuildConfiguration section */

/* Begin XCConfigurationList section */
		4987B16528EEB2AC00A67ABC /* Build configuration list for PBXProject "AR Student ID" */ = {
			isa = XCConfigurationList;
			buildConfigurations = (
				4987B17B28EEB2AD00A67ABC /* Debug */,
				4987B17C28EEB2AD00A67ABC /* Release */,
			);
			defaultConfigurationIsVisible = 0;
			defaultConfigurationName = Release;
		};
		4987B17D28EEB2AD00A67ABC /* Build configuration list for PBXNativeTarget "AR Student ID" */ = {
			isa = XCConfigurationList;
			buildConfigurations = (
				4987B17E28EEB2AD00A67ABC /* Debug */,
				4987B17F28EEB2AD00A67ABC /* Release */,
			);
			defaultConfigurationIsVisible = 0;
			defaultConfigurationName = Release;
		};
/* End XCConfigurationList section */
	};
	rootObject = 4987B16228EEB2AC00A67ABC /* Project object */;
}
